
Microsoft Visual Studio Solution File, Format Version 12.00
# Visual Studio Version 16
VisualStudioVersion = 16.0.30413.136
MinimumVisualStudioVersion = 10.0.40219.1
Project("{FAE04EC0-301F-11D3-BF4B-00C04F79EFBC}") = "Sorteper", "Sorteper\Sorteper.csproj", "{B03A6460-3C55-45E8-A0A9-247DE62F17AD}"
EndProject
Global
	GlobalSection(SolutionConfigurationPlatforms) = preSolution
		Debug|Any CPU = Debug|Any CPU
		Release|Any CPU = Release|Any CPU
	EndGlobalSection
	GlobalSection(ProjectConfigurationPlatforms) = postSolution
		{B03A6460-3C55-45E8-A0A9-247DE62F17AD}.Debug|Any CPU.ActiveCfg = Debug|Any CPU
		{B03A6460-3C55-45E8-A0A9-247DE62F17AD}.Debug|Any CPU.Build.0 = Debug|Any CPU
		{B03A6460-3C55-45E8-A0A9-247DE62F17AD}.Release|Any CPU.ActiveCfg = Release|Any CPU
		{B03A6460-3C55-45E8-A0A9-247DE62F17AD}.Release|Any CPU.Build.0 = Release|Any CPU
	EndGlobalSection
	GlobalSection(SolutionProperties) = preSolution
		HideSolutionNode = FALSE
	EndGlobalSection
	GlobalSection(ExtensibilityGlobals) = postSolution
		SolutionGuid = {F94BFC3A-C688-44FE-B613-EBF462CED50B}
	EndGlobalSection
EndGlobal
